PODS:
  - Reusable (4.0.0):
    - Reusable/Storyboard (= 4.0.0)
    - Reusable/View (= 4.0.0)
  - Reusable/Storyboard (4.0.0)
  - Reusable/View (4.0.0)
  - RxCocoa (4.1.2):
    - RxSwift (~> 4.0)
  - RxSwift (4.1.2)

DEPENDENCIES:
  - Reusable
  - RxCocoa
  - RxSwift

SPEC CHECKSUMS:
  Reusable: 98e5fff1e0e2e00872199699b276dde08ee56c07
  RxCocoa: d88ba0f1f6abf040011a9eb4b539324fc426843a
  RxSwift: e49536837d9901277638493ea537394d4b55f570

PODFILE CHECKSUM: c32e797d8c57aad14f12dd8a64a680465ac06fad

COCOAPODS: 1.4.0
